
Microsoft Visual Studio Solution File, Format Version 12.00
# Visual Studio 15
VisualStudioVersion = 15.0.26730.8
MinimumVisualStudioVersion = 10.0.40219.1
Project("{151D2E53-A2C4-4D7D-83FE-D05416EBD58E}") = "AzureWorkspacesDeployment", "AzureWorkspacesDeployment\AzureWorkspacesDeployment.deployproj", "{4BF9D20A-5955-44EB-90D0-A72FC8F7D7B6}"
EndProject
Global
	GlobalSection(SolutionConfigurationPlatforms) = preSolution
		Debug|Any CPU = Debug|Any CPU
		Release|Any CPU = Release|Any CPU
	EndGlobalSection
	GlobalSection(ProjectConfigurationPlatforms) = postSolution
		{4BF9D20A-5955-44EB-90D0-A72FC8F7D7B6}.Debug|Any CPU.ActiveCfg = Debug|Any CPU
		{4BF9D20A-5955-44EB-90D0-A72FC8F7D7B6}.Debug|Any CPU.Build.0 = Debug|Any CPU
		{4BF9D20A-5955-44EB-90D0-A72FC8F7D7B6}.Release|Any CPU.ActiveCfg = Release|Any CPU
		{4BF9D20A-5955-44EB-90D0-A72FC8F7D7B6}.Release|Any CPU.Build.0 = Release|Any CPU
	EndGlobalSection
	GlobalSection(SolutionProperties) = preSolution
		HideSolutionNode = FALSE
	EndGlobalSection
	GlobalSection(ExtensibilityGlobals) = postSolution
		SolutionGuid = {ABC74469-8D6B-41EE-A17D-0F09E7CC7580}
	EndGlobalSection
EndGlobal
